{
  "originHash" : "523f0a0f6f208611ff88f43a1f9a590c88da81f2de248728efb93b0a0d2ebe9f",
  "pins" : [
    {
      "identity" : "lottie-spm",
      "kind" : "remoteSourceControl",
      "location" : "https://github.com/airbnb/lottie-spm.git",
      "state" : {
        "revision" : "b842598f1295f3ffa1475b1580672d1fe5b83580",
        "version" : "4.5.0"
      }
    },
    {
      "identity" : "rjswiftmacros",
      "kind" : "remoteSourceControl",
      "location" : "https://github.com/rezojoglidze/RJSwiftMacros",
      "state" : {
        "revision" : "76b46a9442c411a95401cce7f4e15383ff02f736",
        "version" : "0.4.5"
      }
    },
    {
      "identity" : "swift-syntax",
      "kind" : "remoteSourceControl",
      "location" : "https://github.com/apple/swift-syntax.git",
      "state" : {
        "revision" : "2bc86522d115234d1f588efe2bcb4ce4be8f8b82",
        "version" : "510.0.3"
      }
    }
  ],
  "version" : 3
}
