// !$*UTF8*$!
{
	archiveVersion = 1;
	classes = {
	};
	objectVersion = 56;
	objects = {

/* Begin PBXBuildFile section */
		A91FCCEA2C6B4FDB00C4B57F /* RJSwiftMacros in Frameworks */ = {isa = PBXBuildFile; productRef = A91FCCE92C6B4FDB00C4B57F /* RJSwiftMacros */; };
		A92216E52C673D350009F898 /* SwiftUIDemoApp.swift in Sources */ = {isa = PBXBuildFile; fileRef = A92216E42C673D350009F898 /* SwiftUIDemoApp.swift */; };
		A92216E92C673D370009F898 /* Assets.xcassets in Resources */ = {isa = PBXBuildFile; fileRef = A92216E82C673D370009F898 /* Assets.xcassets */; };
		A92216EC2C673D370009F898 /* Preview Assets.xcassets in Resources */ = {isa = PBXBuildFile; fileRef = A92216EB2C673D370009F898 /* Preview Assets.xcassets */; };
		A92216F72C6741300009F898 /* LaunchScreen.storyboard in Resources */ = {isa = PBXBuildFile; fileRef = A92216F62C6741300009F898 /* LaunchScreen.storyboard */; };
		A92216FA2C675D240009F898 /* HomeView.swift in Sources */ = {isa = PBXBuildFile; fileRef = A92216F92C675D240009F898 /* HomeView.swift */; };
		A92216FC2C675D640009F898 /* HomeViewModel.swift in Sources */ = {isa = PBXBuildFile; fileRef = A92216FB2C675D640009F898 /* HomeViewModel.swift */; };
		A92217012C6779750009F898 /* DeveloperCardRow.swift in Sources */ = {isa = PBXBuildFile; fileRef = A92217002C6779750009F898 /* DeveloperCardRow.swift */; };
		A92217032C677A730009F898 /* DeveloperCardRowParameters.swift in Sources */ = {isa = PBXBuildFile; fileRef = A92217022C677A730009F898 /* DeveloperCardRowParameters.swift */; };
		A92217052C677A850009F898 /* DeveloperCardRowUIModel.swift in Sources */ = {isa = PBXBuildFile; fileRef = A92217042C677A850009F898 /* DeveloperCardRowUIModel.swift */; };
		A922170F2C6800DD0009F898 /* FontBook.swift in Sources */ = {isa = PBXBuildFile; fileRef = A922170E2C6800DD0009F898 /* FontBook.swift */; };
		A92217122C688C760009F898 /* Extension+CGSize.swift in Sources */ = {isa = PBXBuildFile; fileRef = A92217112C688C760009F898 /* Extension+CGSize.swift */; };
		A92217142C688D290009F898 /* Extension+View.swift in Sources */ = {isa = PBXBuildFile; fileRef = A92217132C688D290009F898 /* Extension+View.swift */; };
		A9488C842C6954620044815D /* DIContainer.swift in Sources */ = {isa = PBXBuildFile; fileRef = A9488C832C6954620044815D /* DIContainer.swift */; };
		A9488C892C6955410044815D /* GetDevelopersGatewayProtocol.swift in Sources */ = {isa = PBXBuildFile; fileRef = A9488C882C6955410044815D /* GetDevelopersGatewayProtocol.swift */; };
		A9488C8D2C69555F0044815D /* GetDevelopersEntity.swift in Sources */ = {isa = PBXBuildFile; fileRef = A9488C8C2C69555F0044815D /* GetDevelopersEntity.swift */; };
		A9488C8F2C6955680044815D /* GetDevelopersGateway.swift in Sources */ = {isa = PBXBuildFile; fileRef = A9488C8E2C6955680044815D /* GetDevelopersGateway.swift */; };
		A9488C912C6955720044815D /* MockGetDevelopersGateway.swift in Sources */ = {isa = PBXBuildFile; fileRef = A9488C902C6955720044815D /* MockGetDevelopersGateway.swift */; };
		A9488C942C695E4A0044815D /* PreviewConfiguration.swift in Sources */ = {isa = PBXBuildFile; fileRef = A9488C932C695E4A0044815D /* PreviewConfiguration.swift */; };
		A9488C972C69FF630044815D /* DeveloperDetailsView.swift in Sources */ = {isa = PBXBuildFile; fileRef = A9488C962C69FF630044815D /* DeveloperDetailsView.swift */; };
		A9488C992C69FF680044815D /* DeveloperDetailsViewModel.swift in Sources */ = {isa = PBXBuildFile; fileRef = A9488C982C69FF680044815D /* DeveloperDetailsViewModel.swift */; };
		A9488C9B2C69FF740044815D /* DeveloperDetailsViewParameters.swift in Sources */ = {isa = PBXBuildFile; fileRef = A9488C9A2C69FF740044815D /* DeveloperDetailsViewParameters.swift */; };
/* End PBXBuildFile section */

/* Begin PBXFileReference section */
		A92216E12C673D350009F898 /* SwiftUIDemo.app */ = {isa = PBXFileReference; explicitFileType = wrapper.application; includeInIndex = 0; path = SwiftUIDemo.app; sourceTree = BUILT_PRODUCTS_DIR; };
		A92216E42C673D350009F898 /* SwiftUIDemoApp.swift */ = {isa = PBXFileReference; lastKnownFileType = sourcecode.swift; path = SwiftUIDemoApp.swift; sourceTree = "<group>"; };
		A92216E82C673D370009F898 /* Assets.xcassets */ = {isa = PBXFileReference; lastKnownFileType = folder.assetcatalog; path = Assets.xcassets; sourceTree = "<group>"; };
		A92216EB2C673D370009F898 /* Preview Assets.xcassets */ = {isa = PBXFileReference; lastKnownFileType = folder.assetcatalog; path = "Preview Assets.xcassets"; sourceTree = "<group>"; };
		A92216F62C6741300009F898 /* LaunchScreen.storyboard */ = {isa = PBXFileReference; lastKnownFileType = file.storyboard; path = LaunchScreen.storyboard; sourceTree = "<group>"; };
		A92216F92C675D240009F898 /* HomeView.swift */ = {isa = PBXFileReference; lastKnownFileType = sourcecode.swift; path = HomeView.swift; sourceTree = "<group>"; };
		A92216FB2C675D640009F898 /* HomeViewModel.swift */ = {isa = PBXFileReference; lastKnownFileType = sourcecode.swift; path = HomeViewModel.swift; sourceTree = "<group>"; };
		A92217002C6779750009F898 /* DeveloperCardRow.swift */ = {isa = PBXFileReference; lastKnownFileType = sourcecode.swift; path = DeveloperCardRow.swift; sourceTree = "<group>"; };
		A92217022C677A730009F898 /* DeveloperCardRowParameters.swift */ = {isa = PBXFileReference; lastKnownFileType = sourcecode.swift; path = DeveloperCardRowParameters.swift; sourceTree = "<group>"; };
		A92217042C677A850009F898 /* DeveloperCardRowUIModel.swift */ = {isa = PBXFileReference; lastKnownFileType = sourcecode.swift; path = DeveloperCardRowUIModel.swift; sourceTree = "<group>"; };
		A922170E2C6800DD0009F898 /* FontBook.swift */ = {isa = PBXFileReference; lastKnownFileType = sourcecode.swift; path = FontBook.swift; sourceTree = "<group>"; };
		A92217112C688C760009F898 /* Extension+CGSize.swift */ = {isa = PBXFileReference; lastKnownFileType = sourcecode.swift; path = "Extension+CGSize.swift"; sourceTree = "<group>"; };
		A92217132C688D290009F898 /* Extension+View.swift */ = {isa = PBXFileReference; lastKnownFileType = sourcecode.swift; path = "Extension+View.swift"; sourceTree = "<group>"; };
		A9488C832C6954620044815D /* DIContainer.swift */ = {isa = PBXFileReference; lastKnownFileType = sourcecode.swift; path = DIContainer.swift; sourceTree = "<group>"; };
		A9488C882C6955410044815D /* GetDevelopersGatewayProtocol.swift */ = {isa = PBXFileReference; lastKnownFileType = sourcecode.swift; path = GetDevelopersGatewayProtocol.swift; sourceTree = "<group>"; };
		A9488C8C2C69555F0044815D /* GetDevelopersEntity.swift */ = {isa = PBXFileReference; lastKnownFileType = sourcecode.swift; path = GetDevelopersEntity.swift; sourceTree = "<group>"; };
		A9488C8E2C6955680044815D /* GetDevelopersGateway.swift */ = {isa = PBXFileReference; lastKnownFileType = sourcecode.swift; path = GetDevelopersGateway.swift; sourceTree = "<group>"; };
		A9488C902C6955720044815D /* MockGetDevelopersGateway.swift */ = {isa = PBXFileReference; lastKnownFileType = sourcecode.swift; path = MockGetDevelopersGateway.swift; sourceTree = "<group>"; };
		A9488C932C695E4A0044815D /* PreviewConfiguration.swift */ = {isa = PBXFileReference; lastKnownFileType = sourcecode.swift; path = PreviewConfiguration.swift; sourceTree = "<group>"; };
		A9488C962C69FF630044815D /* DeveloperDetailsView.swift */ = {isa = PBXFileReference; lastKnownFileType = sourcecode.swift; path = DeveloperDetailsView.swift; sourceTree = "<group>"; };
		A9488C982C69FF680044815D /* DeveloperDetailsViewModel.swift */ = {isa = PBXFileReference; lastKnownFileType = sourcecode.swift; path = DeveloperDetailsViewModel.swift; sourceTree = "<group>"; };
		A9488C9A2C69FF740044815D /* DeveloperDetailsViewParameters.swift */ = {isa = PBXFileReference; lastKnownFileType = sourcecode.swift; path = DeveloperDetailsViewParameters.swift; sourceTree = "<group>"; };
/* End PBXFileReference section */

/* Begin PBXFrameworksBuildPhase section */
		A92216DE2C673D350009F898 /* Frameworks */ = {
			isa = PBXFrameworksBuildPhase;
			buildActionMask = 2147483647;
			files = (
				A91FCCEA2C6B4FDB00C4B57F /* RJSwiftMacros in Frameworks */,
			);
			runOnlyForDeploymentPostprocessing = 0;
		};
/* End PBXFrameworksBuildPhase section */

/* Begin PBXGroup section */
		A92216D82C673D350009F898 = {
			isa = PBXGroup;
			children = (
				A92216E32C673D350009F898 /* SwiftUIDemo */,
				A92216E22C673D350009F898 /* Products */,
			);
			sourceTree = "<group>";
		};
		A92216E22C673D350009F898 /* Products */ = {
			isa = PBXGroup;
			children = (
				A92216E12C673D350009F898 /* SwiftUIDemo.app */,
			);
			name = Products;
			sourceTree = "<group>";
		};
		A92216E32C673D350009F898 /* SwiftUIDemo */ = {
			isa = PBXGroup;
			children = (
				A92216F22C673F4E0009F898 /* App */,
				A92216F32C673F530009F898 /* Scenes */,
				A92216FD2C6778430009F898 /* Views */,
				A9488C812C69543E0044815D /* Services and Managers */,
				A9488C852C6954BB0044815D /* Gateways */,
				A922170C2C6800B80009F898 /* Helpers */,
				A92217102C688C4F0009F898 /* Extensions */,
				A92216F42C673F650009F898 /* Resources */,
				A92216EA2C673D370009F898 /* Preview Content */,
			);
			path = SwiftUIDemo;
			sourceTree = "<group>";
		};
		A92216EA2C673D370009F898 /* Preview Content */ = {
			isa = PBXGroup;
			children = (
				A92216EB2C673D370009F898 /* Preview Assets.xcassets */,
			);
			path = "Preview Content";
			sourceTree = "<group>";
		};
		A92216F22C673F4E0009F898 /* App */ = {
			isa = PBXGroup;
			children = (
				A92216E42C673D350009F898 /* SwiftUIDemoApp.swift */,
			);
			path = App;
			sourceTree = "<group>";
		};
		A92216F32C673F530009F898 /* Scenes */ = {
			isa = PBXGroup;
			children = (
				A92216F52C6741220009F898 /* Splash */,
				A92216F82C675CFD0009F898 /* Home View */,
				A9488C952C69FF370044815D /* Developer Details View */,
			);
			path = Scenes;
			sourceTree = "<group>";
		};
		A92216F42C673F650009F898 /* Resources */ = {
			isa = PBXGroup;
			children = (
				A92216E82C673D370009F898 /* Assets.xcassets */,
			);
			path = Resources;
			sourceTree = "<group>";
		};
		A92216F52C6741220009F898 /* Splash */ = {
			isa = PBXGroup;
			children = (
				A92216F62C6741300009F898 /* LaunchScreen.storyboard */,
			);
			path = Splash;
			sourceTree = "<group>";
		};
		A92216F82C675CFD0009F898 /* Home View */ = {
			isa = PBXGroup;
			children = (
				A92216F92C675D240009F898 /* HomeView.swift */,
				A92216FB2C675D640009F898 /* HomeViewModel.swift */,
			);
			path = "Home View";
			sourceTree = "<group>";
		};
		A92216FD2C6778430009F898 /* Views */ = {
			isa = PBXGroup;
			children = (
				A92216FE2C6778540009F898 /* Views */,
			);
			path = Views;
			sourceTree = "<group>";
		};
		A92216FE2C6778540009F898 /* Views */ = {
			isa = PBXGroup;
			children = (
				A92216FF2C67795B0009F898 /* Developer Card View */,
			);
			path = Views;
			sourceTree = "<group>";
		};
		A92216FF2C67795B0009F898 /* Developer Card View */ = {
			isa = PBXGroup;
			children = (
				A92217002C6779750009F898 /* DeveloperCardRow.swift */,
				A92217022C677A730009F898 /* DeveloperCardRowParameters.swift */,
				A92217042C677A850009F898 /* DeveloperCardRowUIModel.swift */,
			);
			path = "Developer Card View";
			sourceTree = "<group>";
		};
		A922170C2C6800B80009F898 /* Helpers */ = {
			isa = PBXGroup;
			children = (
				A922170D2C6800CF0009F898 /* BrandBook */,
				A9488C932C695E4A0044815D /* PreviewConfiguration.swift */,
			);
			path = Helpers;
			sourceTree = "<group>";
		};
		A922170D2C6800CF0009F898 /* BrandBook */ = {
			isa = PBXGroup;
			children = (
				A922170E2C6800DD0009F898 /* FontBook.swift */,
			);
			path = BrandBook;
			sourceTree = "<group>";
		};
		A92217102C688C4F0009F898 /* Extensions */ = {
			isa = PBXGroup;
			children = (
				A92217112C688C760009F898 /* Extension+CGSize.swift */,
				A92217132C688D290009F898 /* Extension+View.swift */,
			);
			path = Extensions;
			sourceTree = "<group>";
		};
		A9488C812C69543E0044815D /* Services and Managers */ = {
			isa = PBXGroup;
			children = (
				A9488C822C6954570044815D /* DI */,
			);
			path = "Services and Managers";
			sourceTree = "<group>";
		};
		A9488C822C6954570044815D /* DI */ = {
			isa = PBXGroup;
			children = (
				A9488C832C6954620044815D /* DIContainer.swift */,
			);
			path = DI;
			sourceTree = "<group>";
		};
		A9488C852C6954BB0044815D /* Gateways */ = {
			isa = PBXGroup;
			children = (
				A9488C862C6954CB0044815D /* Network Gateways */,
			);
			path = Gateways;
			sourceTree = "<group>";
		};
		A9488C862C6954CB0044815D /* Network Gateways */ = {
			isa = PBXGroup;
			children = (
				A9488C872C6954DA0044815D /* Get Developers Gateway */,
			);
			path = "Network Gateways";
			sourceTree = "<group>";
		};
		A9488C872C6954DA0044815D /* Get Developers Gateway */ = {
			isa = PBXGroup;
			children = (
				A9488C882C6955410044815D /* GetDevelopersGatewayProtocol.swift */,
				A9488C8C2C69555F0044815D /* GetDevelopersEntity.swift */,
				A9488C8E2C6955680044815D /* GetDevelopersGateway.swift */,
				A9488C902C6955720044815D /* MockGetDevelopersGateway.swift */,
			);
			path = "Get Developers Gateway";
			sourceTree = "<group>";
		};
		A9488C952C69FF370044815D /* Developer Details View */ = {
			isa = PBXGroup;
			children = (
				A9488C9A2C69FF740044815D /* DeveloperDetailsViewParameters.swift */,
				A9488C962C69FF630044815D /* DeveloperDetailsView.swift */,
				A9488C982C69FF680044815D /* DeveloperDetailsViewModel.swift */,
			);
			path = "Developer Details View";
			sourceTree = "<group>";
		};
/* End PBXGroup section */

/* Begin PBXNativeTarget section */
		A92216E02C673D350009F898 /* SwiftUIDemo */ = {
			isa = PBXNativeTarget;
			buildConfigurationList = A92216EF2C673D370009F898 /* Build configuration list for PBXNativeTarget "SwiftUIDemo" */;
			buildPhases = (
				A92216DD2C673D350009F898 /* Sources */,
				A92216DE2C673D350009F898 /* Frameworks */,
				A92216DF2C673D350009F898 /* Resources */,
			);
			buildRules = (
			);
			dependencies = (
			);
			name = SwiftUIDemo;
			packageProductDependencies = (
				A91FCCE92C6B4FDB00C4B57F /* RJSwiftMacros */,
			);
			productName = SwiftUIDemo;
			productReference = A92216E12C673D350009F898 /* SwiftUIDemo.app */;
			productType = "com.apple.product-type.application";
		};
/* End PBXNativeTarget section */

/* Begin PBXProject section */
		A92216D92C673D350009F898 /* Project object */ = {
			isa = PBXProject;
			attributes = {
				BuildIndependentTargetsInParallel = 1;
				LastSwiftUpdateCheck = 1540;
				LastUpgradeCheck = 1540;
				TargetAttributes = {
					A92216E02C673D350009F898 = {
						CreatedOnToolsVersion = 15.4;
					};
				};
			};
			buildConfigurationList = A92216DC2C673D350009F898 /* Build configuration list for PBXProject "SwiftUIDemo" */;
			compatibilityVersion = "Xcode 14.0";
			developmentRegion = en;
			hasScannedForEncodings = 0;
			knownRegions = (
				en,
				Base,
			);
			mainGroup = A92216D82C673D350009F898;
			packageReferences = (
				A91FCCE82C6B4FDB00C4B57F /* XCRemoteSwiftPackageReference "RJSwiftMacros" */,
			);
			productRefGroup = A92216E22C673D350009F898 /* Products */;
			projectDirPath = "";
			projectRoot = "";
			targets = (
				A92216E02C673D350009F898 /* SwiftUIDemo */,
			);
		};
/* End PBXProject section */

/* Begin PBXResourcesBuildPhase section */
		A92216DF2C673D350009F898 /* Resources */ = {
			isa = PBXResourcesBuildPhase;
			buildActionMask = 2147483647;
			files = (
				A92216EC2C673D370009F898 /* Preview Assets.xcassets in Resources */,
				A92216F72C6741300009F898 /* LaunchScreen.storyboard in Resources */,
				A92216E92C673D370009F898 /* Assets.xcassets in Resources */,
			);
			runOnlyForDeploymentPostprocessing = 0;
		};
/* End PBXResourcesBuildPhase section */

/* Begin PBXSourcesBuildPhase section */
		A92216DD2C673D350009F898 /* Sources */ = {
			isa = PBXSourcesBuildPhase;
			buildActionMask = 2147483647;
			files = (
				A92216FA2C675D240009F898 /* HomeView.swift in Sources */,
				A9488C992C69FF680044815D /* DeveloperDetailsViewModel.swift in Sources */,
				A92217142C688D290009F898 /* Extension+View.swift in Sources */,
				A9488C842C6954620044815D /* DIContainer.swift in Sources */,
				A9488C892C6955410044815D /* GetDevelopersGatewayProtocol.swift in Sources */,
				A92217012C6779750009F898 /* DeveloperCardRow.swift in Sources */,
				A92216E52C673D350009F898 /* SwiftUIDemoApp.swift in Sources */,
				A9488C912C6955720044815D /* MockGetDevelopersGateway.swift in Sources */,
				A9488C9B2C69FF740044815D /* DeveloperDetailsViewParameters.swift in Sources */,
				A92217052C677A850009F898 /* DeveloperCardRowUIModel.swift in Sources */,
				A92216FC2C675D640009F898 /* HomeViewModel.swift in Sources */,
				A922170F2C6800DD0009F898 /* FontBook.swift in Sources */,
				A9488C942C695E4A0044815D /* PreviewConfiguration.swift in Sources */,
				A92217122C688C760009F898 /* Extension+CGSize.swift in Sources */,
				A9488C972C69FF630044815D /* DeveloperDetailsView.swift in Sources */,
				A92217032C677A730009F898 /* DeveloperCardRowParameters.swift in Sources */,
				A9488C8F2C6955680044815D /* GetDevelopersGateway.swift in Sources */,
				A9488C8D2C69555F0044815D /* GetDevelopersEntity.swift in Sources */,
			);
			runOnlyForDeploymentPostprocessing = 0;
		};
/* End PBXSourcesBuildPhase section */

/* Begin XCBuildConfiguration section */
		A92216ED2C673D370009F898 /* Debug */ = {
			isa = XCBuildConfiguration;
			buildSettings = {
				ALWAYS_SEARCH_USER_PATHS = NO;
				ASSETCATALOG_COMPILER_GENERATE_SWIFT_ASSET_SYMBOL_EXTENSIONS = YES;
				CLANG_ANALYZER_NONNULL = YES;
				CLANG_ANALYZER_NUMBER_OBJECT_CONVERSION = YES_AGGRESSIVE;
				CLANG_CXX_LANGUAGE_STANDARD = "gnu++20";
				CLANG_ENABLE_MODULES = YES;
				CLANG_ENABLE_OBJC_ARC = YES;
				CLANG_ENABLE_OBJC_WEAK = YES;
				CLANG_WARN_BLOCK_CAPTURE_AUTORELEASING = YES;
				CLANG_WARN_BOOL_CONVERSION = YES;
				CLANG_WARN_COMMA = YES;
				CLANG_WARN_CONSTANT_CONVERSION = YES;
				CLANG_WARN_DEPRECATED_OBJC_IMPLEMENTATIONS = YES;
				CLANG_WARN_DIRECT_OBJC_ISA_USAGE = YES_ERROR;
				CLANG_WARN_DOCUMENTATION_COMMENTS = YES;
				CLANG_WARN_EMPTY_BODY = YES;
				CLANG_WARN_ENUM_CONVERSION = YES;
				CLANG_WARN_INFINITE_RECURSION = YES;
				CLANG_WARN_INT_CONVERSION = YES;
				CLANG_WARN_NON_LITERAL_NULL_CONVERSION = YES;
				CLANG_WARN_OBJC_IMPLICIT_RETAIN_SELF = YES;
				CLANG_WARN_OBJC_LITERAL_CONVERSION = YES;
				CLANG_WARN_OBJC_ROOT_CLASS = YES_ERROR;
				CLANG_WARN_QUOTED_INCLUDE_IN_FRAMEWORK_HEADER = YES;
				CLANG_WARN_RANGE_LOOP_ANALYSIS = YES;
				CLANG_WARN_STRICT_PROTOTYPES = YES;
				CLANG_WARN_SUSPICIOUS_MOVE = YES;
				CLANG_WARN_UNGUARDED_AVAILABILITY = YES_AGGRESSIVE;
				CLANG_WARN_UNREACHABLE_CODE = YES;
				CLANG_WARN__DUPLICATE_METHOD_MATCH = YES;
				COPY_PHASE_STRIP = NO;
				DEBUG_INFORMATION_FORMAT = dwarf;
				ENABLE_STRICT_OBJC_MSGSEND = YES;
				ENABLE_TESTABILITY = YES;
				ENABLE_USER_SCRIPT_SANDBOXING = YES;
				GCC_C_LANGUAGE_STANDARD = gnu17;
				GCC_DYNAMIC_NO_PIC = NO;
				GCC_NO_COMMON_BLOCKS = YES;
				GCC_OPTIMIZATION_LEVEL = 0;
				GCC_PREPROCESSOR_DEFINITIONS = (
					"DEBUG=1",
					"$(inherited)",
				);
				GCC_WARN_64_TO_32_BIT_CONVERSION = YES;
				GCC_WARN_ABOUT_RETURN_TYPE = YES_ERROR;
				GCC_WARN_UNDECLARED_SELECTOR = YES;
				GCC_WARN_UNINITIALIZED_AUTOS = YES_AGGRESSIVE;
				GCC_WARN_UNUSED_FUNCTION = YES;
				GCC_WARN_UNUSED_VARIABLE = YES;
				IPHONEOS_DEPLOYMENT_TARGET = 17.5;
				LOCALIZATION_PREFERS_STRING_CATALOGS = YES;
				MTL_ENABLE_DEBUG_INFO = INCLUDE_SOURCE;
				MTL_FAST_MATH = YES;
				ONLY_ACTIVE_ARCH = YES;
				SDKROOT = iphoneos;
				SWIFT_ACTIVE_COMPILATION_CONDITIONS = "DEBUG $(inherited)";
				SWIFT_OPTIMIZATION_LEVEL = "-Onone";
			};
			name = Debug;
		};
		A92216EE2C673D370009F898 /* Release */ = {
			isa = XCBuildConfiguration;
			buildSettings = {
				ALWAYS_SEARCH_USER_PATHS = NO;
				ASSETCATALOG_COMPILER_GENERATE_SWIFT_ASSET_SYMBOL_EXTENSIONS = YES;
				CLANG_ANALYZER_NONNULL = YES;
				CLANG_ANALYZER_NUMBER_OBJECT_CONVERSION = YES_AGGRESSIVE;
				CLANG_CXX_LANGUAGE_STANDARD = "gnu++20";
				CLANG_ENABLE_MODULES = YES;
				CLANG_ENABLE_OBJC_ARC = YES;
				CLANG_ENABLE_OBJC_WEAK = YES;
				CLANG_WARN_BLOCK_CAPTURE_AUTORELEASING = YES;
				CLANG_WARN_BOOL_CONVERSION = YES;
				CLANG_WARN_COMMA = YES;
				CLANG_WARN_CONSTANT_CONVERSION = YES;
				CLANG_WARN_DEPRECATED_OBJC_IMPLEMENTATIONS = YES;
				CLANG_WARN_DIRECT_OBJC_ISA_USAGE = YES_ERROR;
				CLANG_WARN_DOCUMENTATION_COMMENTS = YES;
				CLANG_WARN_EMPTY_BODY = YES;
				CLANG_WARN_ENUM_CONVERSION = YES;
				CLANG_WARN_INFINITE_RECURSION = YES;
				CLANG_WARN_INT_CONVERSION = YES;
				CLANG_WARN_NON_LITERAL_NULL_CONVERSION = YES;
				CLANG_WARN_OBJC_IMPLICIT_RETAIN_SELF = YES;
				CLANG_WARN_OBJC_LITERAL_CONVERSION = YES;
				CLANG_WARN_OBJC_ROOT_CLASS = YES_ERROR;
				CLANG_WARN_QUOTED_INCLUDE_IN_FRAMEWORK_HEADER = YES;
				CLANG_WARN_RANGE_LOOP_ANALYSIS = YES;
				CLANG_WARN_STRICT_PROTOTYPES = YES;
				CLANG_WARN_SUSPICIOUS_MOVE = YES;
				CLANG_WARN_UNGUARDED_AVAILABILITY = YES_AGGRESSIVE;
				CLANG_WARN_UNREACHABLE_CODE = YES;
				CLANG_WARN__DUPLICATE_METHOD_MATCH = YES;
				COPY_PHASE_STRIP = NO;
				DEBUG_INFORMATION_FORMAT = "dwarf-with-dsym";
				ENABLE_NS_ASSERTIONS = NO;
				ENABLE_STRICT_OBJC_MSGSEND = YES;
				ENABLE_USER_SCRIPT_SANDBOXING = YES;
				GCC_C_LANGUAGE_STANDARD = gnu17;
				GCC_NO_COMMON_BLOCKS = YES;
				GCC_WARN_64_TO_32_BIT_CONVERSION = YES;
				GCC_WARN_ABOUT_RETURN_TYPE = YES_ERROR;
				GCC_WARN_UNDECLARED_SELECTOR = YES;
				GCC_WARN_UNINITIALIZED_AUTOS = YES_AGGRESSIVE;
				GCC_WARN_UNUSED_FUNCTION = YES;
				GCC_WARN_UNUSED_VARIABLE = YES;
				IPHONEOS_DEPLOYMENT_TARGET = 17.5;
				LOCALIZATION_PREFERS_STRING_CATALOGS = YES;
				MTL_ENABLE_DEBUG_INFO = NO;
				MTL_FAST_MATH = YES;
				SDKROOT = iphoneos;
				SWIFT_COMPILATION_MODE = wholemodule;
				VALIDATE_PRODUCT = YES;
			};
			name = Release;
		};
		A92216F02C673D370009F898 /* Debug */ = {
			isa = XCBuildConfiguration;
			buildSettings = {
				ASSETCATALOG_COMPILER_APPICON_NAME = AppIcon;
				ASSETCATALOG_COMPILER_GLOBAL_ACCENT_COLOR_NAME = AccentColor;
				CODE_SIGN_STYLE = Automatic;
				CURRENT_PROJECT_VERSION = 1;
				DEVELOPMENT_ASSET_PATHS = "\"SwiftUIDemo/Preview Content\"";
				DEVELOPMENT_TEAM = YC9A76K73N;
				ENABLE_PREVIEWS = YES;
				GENERATE_INFOPLIST_FILE = YES;
				INFOPLIST_KEY_UIApplicationSceneManifest_Generation = YES;
				INFOPLIST_KEY_UIApplicationSupportsIndirectInputEvents = YES;
				INFOPLIST_KEY_UILaunchScreen_Generation = YES;
				INFOPLIST_KEY_UILaunchStoryboardName = LaunchScreen.storyboard;
				INFOPLIST_KEY_UISupportedInterfaceOrientations_iPad = "UIInterfaceOrientationPortrait UIInterfaceOrientationPortraitUpsideDown UIInterfaceOrientationLandscapeLeft UIInterfaceOrientationLandscapeRight";
				INFOPLIST_KEY_UISupportedInterfaceOrientations_iPhone = "UIInterfaceOrientationPortrait UIInterfaceOrientationLandscapeLeft UIInterfaceOrientationLandscapeRight";
				IPHONEOS_DEPLOYMENT_TARGET = 16.0;
				LD_RUNPATH_SEARCH_PATHS = (
					"$(inherited)",
					"@executable_path/Frameworks",
				);
				MARKETING_VERSION = 1.0;
				PRODUCT_BUNDLE_IDENTIFIER = Joglika.SwiftUIDemo;
				PRODUCT_NAME = "$(TARGET_NAME)";
				SWIFT_EMIT_LOC_STRINGS = YES;
				SWIFT_VERSION = 5.0;
				TARGETED_DEVICE_FAMILY = "1,2";
			};
			name = Debug;
		};
		A92216F12C673D370009F898 /* Release */ = {
			isa = XCBuildConfiguration;
			buildSettings = {
				ASSETCATALOG_COMPILER_APPICON_NAME = AppIcon;
				ASSETCATALOG_COMPILER_GLOBAL_ACCENT_COLOR_NAME = AccentColor;
				CODE_SIGN_STYLE = Automatic;
				CURRENT_PROJECT_VERSION = 1;
				DEVELOPMENT_ASSET_PATHS = "\"SwiftUIDemo/Preview Content\"";
				DEVELOPMENT_TEAM = YC9A76K73N;
				ENABLE_PREVIEWS = YES;
				GENERATE_INFOPLIST_FILE = YES;
				INFOPLIST_KEY_UIApplicationSceneManifest_Generation = YES;
				INFOPLIST_KEY_UIApplicationSupportsIndirectInputEvents = YES;
				INFOPLIST_KEY_UILaunchScreen_Generation = YES;
				INFOPLIST_KEY_UILaunchStoryboardName = LaunchScreen.storyboard;
				INFOPLIST_KEY_UISupportedInterfaceOrientations_iPad = "UIInterfaceOrientationPortrait UIInterfaceOrientationPortraitUpsideDown UIInterfaceOrientationLandscapeLeft UIInterfaceOrientationLandscapeRight";
				INFOPLIST_KEY_UISupportedInterfaceOrientations_iPhone = "UIInterfaceOrientationPortrait UIInterfaceOrientationLandscapeLeft UIInterfaceOrientationLandscapeRight";
				IPHONEOS_DEPLOYMENT_TARGET = 16.0;
				LD_RUNPATH_SEARCH_PATHS = (
					"$(inherited)",
					"@executable_path/Frameworks",
				);
				MARKETING_VERSION = 1.0;
				PRODUCT_BUNDLE_IDENTIFIER = Joglika.SwiftUIDemo;
				PRODUCT_NAME = "$(TARGET_NAME)";
				SWIFT_EMIT_LOC_STRINGS = YES;
				SWIFT_VERSION = 5.0;
				TARGETED_DEVICE_FAMILY = "1,2";
			};
			name = Release;
		};
/* End XCBuildConfiguration section */

/* Begin XCConfigurationList section */
		A92216DC2C673D350009F898 /* Build configuration list for PBXProject "SwiftUIDemo" */ = {
			isa = XCConfigurationList;
			buildConfigurations = (
				A92216ED2C673D370009F898 /* Debug */,
				A92216EE2C673D370009F898 /* Release */,
			);
			defaultConfigurationIsVisible = 0;
			defaultConfigurationName = Release;
		};
		A92216EF2C673D370009F898 /* Build configuration list for PBXNativeTarget "SwiftUIDemo" */ = {
			isa = XCConfigurationList;
			buildConfigurations = (
				A92216F02C673D370009F898 /* Debug */,
				A92216F12C673D370009F898 /* Release */,
			);
			defaultConfigurationIsVisible = 0;
			defaultConfigurationName = Release;
		};
/* End XCConfigurationList section */

/* Begin XCRemoteSwiftPackageReference section */
		A91FCCE82C6B4FDB00C4B57F /* XCRemoteSwiftPackageReference "RJSwiftMacros" */ = {
			isa = XCRemoteSwiftPackageReference;
			repositoryURL = "https://github.com/rezojoglidze/RJSwiftMacros";
			requirement = {
				kind = upToNextMajorVersion;
				minimumVersion = 0.3.4;
			};
		};
/* End XCRemoteSwiftPackageReference section */

/* Begin XCSwiftPackageProductDependency section */
		A91FCCE92C6B4FDB00C4B57F /* RJSwiftMacros */ = {
			isa = XCSwiftPackageProductDependency;
			package = A91FCCE82C6B4FDB00C4B57F /* XCRemoteSwiftPackageReference "RJSwiftMacros" */;
			productName = RJSwiftMacros;
		};
/* End XCSwiftPackageProductDependency section */
	};
	rootObject = A92216D92C673D350009F898 /* Project object */;
}
